
Microsoft Visual Studio Solution File, Format Version 12.00
# Visual Studio Version 17
VisualStudioVersion = 17.8.34525.116
MinimumVisualStudioVersion = 10.0.40219.1
Project("{FAE04EC0-301F-11D3-BF4B-00C04F79EFBC}") = "ReverseString", "ReverseString.csproj", "{0ADA36DA-5F45-492F-ABC2-F8EF9685EDA5}"
EndProject
Global
	GlobalSection(SolutionConfigurationPlatforms) = preSolution
		Debug|Any CPU = Debug|Any CPU
		Release|Any CPU = Release|Any CPU
	EndGlobalSection
	GlobalSection(ProjectConfigurationPlatforms) = postSolution
		{0ADA36DA-5F45-492F-ABC2-F8EF9685EDA5}.Debug|Any CPU.ActiveCfg = Debug|Any CPU
		{0ADA36DA-5F45-492F-ABC2-F8EF9685EDA5}.Debug|Any CPU.Build.0 = Debug|Any CPU
		{0ADA36DA-5F45-492F-ABC2-F8EF9685EDA5}.Release|Any CPU.ActiveCfg = Release|Any CPU
		{0ADA36DA-5F45-492F-ABC2-F8EF9685EDA5}.Release|Any CPU.Build.0 = Release|Any CPU
	EndGlobalSection
	GlobalSection(SolutionProperties) = preSolution
		HideSolutionNode = FALSE
	EndGlobalSection
	GlobalSection(ExtensibilityGlobals) = postSolution
		SolutionGuid = {2FF07966-5AB0-4E69-A90F-1EAE56E24C61}
	EndGlobalSection
EndGlobal
