
Microsoft Visual Studio Solution File, Format Version 12.00
# Visual Studio Version 17
VisualStudioVersion = 17.8.34525.116
MinimumVisualStudioVersion = 10.0.40219.1
Project("{FAE04EC0-301F-11D3-BF4B-00C04F79EFBC}") = "TextFunctions.Tests", "TextFunctions.Tests.csproj", "{53D4CC31-E71E-4CDB-8175-5BD8849913C5}"
EndProject
Project("{9A19103F-16F7-4668-BE54-9A1E7A4F7556}") = "TextFunctions", "..\TextFunctions\TextFunctions.csproj", "{037B65CC-9FDE-40E2-A769-104A215CD1E2}"
EndProject
Global
	GlobalSection(SolutionConfigurationPlatforms) = preSolution
		Debug|Any CPU = Debug|Any CPU
		Release|Any CPU = Release|Any CPU
	EndGlobalSection
	GlobalSection(ProjectConfigurationPlatforms) = postSolution
		{53D4CC31-E71E-4CDB-8175-5BD8849913C5}.Debug|Any CPU.ActiveCfg = Debug|Any CPU
		{53D4CC31-E71E-4CDB-8175-5BD8849913C5}.Debug|Any CPU.Build.0 = Debug|Any CPU
		{53D4CC31-E71E-4CDB-8175-5BD8849913C5}.Release|Any CPU.ActiveCfg = Release|Any CPU
		{53D4CC31-E71E-4CDB-8175-5BD8849913C5}.Release|Any CPU.Build.0 = Release|Any CPU
		{037B65CC-9FDE-40E2-A769-104A215CD1E2}.Debug|Any CPU.ActiveCfg = Debug|Any CPU
		{037B65CC-9FDE-40E2-A769-104A215CD1E2}.Debug|Any CPU.Build.0 = Debug|Any CPU
		{037B65CC-9FDE-40E2-A769-104A215CD1E2}.Release|Any CPU.ActiveCfg = Release|Any CPU
		{037B65CC-9FDE-40E2-A769-104A215CD1E2}.Release|Any CPU.Build.0 = Release|Any CPU
	EndGlobalSection
	GlobalSection(SolutionProperties) = preSolution
		HideSolutionNode = FALSE
	EndGlobalSection
	GlobalSection(ExtensibilityGlobals) = postSolution
		SolutionGuid = {6B29F9F4-1928-443E-B316-382427E1C421}
	EndGlobalSection
EndGlobal
